// !$*UTF8*$!
{
	archiveVersion = 1;
	classes = {
	};
	objectVersion = 46;
	objects = {

/* Begin PBXBuildFile section */
		B029A2B51E83775400500C95 /* skills_v29.json in Resources */ = {isa = PBXBuildFile; fileRef = B029A2B41E83775400500C95 /* skills_v29.json */; };
		B0CC0D4E1E709913006E3D36 /* AppDelegate.swift in Sources */ = {isa = PBXBuildFile; fileRef = B0CC0D4D1E709913006E3D36 /* AppDelegate.swift */; };
		B0CC0D501E709913006E3D36 /* HomeViewController.swift in Sources */ = {isa = PBXBuildFile; fileRef = B0CC0D4F1E709913006E3D36 /* HomeViewController.swift */; };
		B0CC0D551E709913006E3D36 /* Assets.xcassets in Resources */ = {isa = PBXBuildFile; fileRef = B0CC0D541E709913006E3D36 /* Assets.xcassets */; };
		B0CC0D581E709913006E3D36 /* LaunchScreen.storyboard in Resources */ = {isa = PBXBuildFile; fileRef = B0CC0D561E709913006E3D36 /* LaunchScreen.storyboard */; };
		B0CC0D641E7115F4006E3D36 /* Helpers.swift in Sources */ = {isa = PBXBuildFile; fileRef = B0CC0D631E7115F4006E3D36 /* Helpers.swift */; };
		B0CC0D661E7119CE006E3D36 /* MenuBar.swift in Sources */ = {isa = PBXBuildFile; fileRef = B0CC0D651E7119CE006E3D36 /* MenuBar.swift */; };
		B0CC0D681E711A9B006E3D36 /* MenuCell.swift in Sources */ = {isa = PBXBuildFile; fileRef = B0CC0D671E711A9B006E3D36 /* MenuCell.swift */; };
		B0F62FDB1E75EB9100F5917C /* SkillsCell.swift in Sources */ = {isa = PBXBuildFile; fileRef = B0F62FDA1E75EB9100F5917C /* SkillsCell.swift */; };
		B0F97D001E7648F6003A0F79 /* Skill.swift in Sources */ = {isa = PBXBuildFile; fileRef = B0F97CFF1E7648F6003A0F79 /* Skill.swift */; };
		F8AE133BEF8770ED7F2A361E /* Pods_timmy_bea.framework in Frameworks */ = {isa = PBXBuildFile; fileRef = 14256E79EA48DE8895A0A645 /* Pods_timmy_bea.framework */; };
/* End PBXBuildFile section */

/* Begin PBXFileReference section */
		14256E79EA48DE8895A0A645 /* Pods_timmy_bea.framework */ = {isa = PBXFileReference; explicitFileType = wrapper.framework; includeInIndex = 0; path = Pods_timmy_bea.framework; sourceTree = BUILT_PRODUCTS_DIR; };
		5C344AF3DE2F7A1F84028909 /* Pods-timmy_bea.release.xcconfig */ = {isa = PBXFileReference; includeInIndex = 1; lastKnownFileType = text.xcconfig; name = "Pods-timmy_bea.release.xcconfig"; path = "Pods/Target Support Files/Pods-timmy_bea/Pods-timmy_bea.release.xcconfig"; sourceTree = "<group>"; };
		B029A2B41E83775400500C95 /* skills_v29.json */ = {isa = PBXFileReference; fileEncoding = 4; lastKnownFileType = text.json; path = skills_v29.json; sourceTree = "<group>"; };
		B0CC0D4A1E709913006E3D36 /* timmy_bea.app */ = {isa = PBXFileReference; explicitFileType = wrapper.application; includeInIndex = 0; path = timmy_bea.app; sourceTree = BUILT_PRODUCTS_DIR; };
		B0CC0D4D1E709913006E3D36 /* AppDelegate.swift */ = {isa = PBXFileReference; lastKnownFileType = sourcecode.swift; path = AppDelegate.swift; sourceTree = "<group>"; };
		B0CC0D4F1E709913006E3D36 /* HomeViewController.swift */ = {isa = PBXFileReference; lastKnownFileType = sourcecode.swift; path = HomeViewController.swift; sourceTree = "<group>"; };
		B0CC0D541E709913006E3D36 /* Assets.xcassets */ = {isa = PBXFileReference; lastKnownFileType = folder.assetcatalog; path = Assets.xcassets; sourceTree = "<group>"; };
		B0CC0D571E709913006E3D36 /* Base */ = {isa = PBXFileReference; lastKnownFileType = file.storyboard; name = Base; path = Base.lproj/LaunchScreen.storyboard; sourceTree = "<group>"; };
		B0CC0D591E709913006E3D36 /* Info.plist */ = {isa = PBXFileReference; lastKnownFileType = text.plist.xml; path = Info.plist; sourceTree = "<group>"; };
		B0CC0D631E7115F4006E3D36 /* Helpers.swift */ = {isa = PBXFileReference; fileEncoding = 4; lastKnownFileType = sourcecode.swift; path = Helpers.swift; sourceTree = "<group>"; };
		B0CC0D651E7119CE006E3D36 /* MenuBar.swift */ = {isa = PBXFileReference; fileEncoding = 4; lastKnownFileType = sourcecode.swift; path = MenuBar.swift; sourceTree = "<group>"; };
		B0CC0D671E711A9B006E3D36 /* MenuCell.swift */ = {isa = PBXFileReference; fileEncoding = 4; lastKnownFileType = sourcecode.swift; path = MenuCell.swift; sourceTree = "<group>"; };
		B0F62FDA1E75EB9100F5917C /* SkillsCell.swift */ = {isa = PBXFileReference; fileEncoding = 4; lastKnownFileType = sourcecode.swift; path = SkillsCell.swift; sourceTree = "<group>"; };
		B0F97CFF1E7648F6003A0F79 /* Skill.swift */ = {isa = PBXFileReference; fileEncoding = 4; lastKnownFileType = sourcecode.swift; path = Skill.swift; sourceTree = "<group>"; };
		F3B7356EEDCA8D942AC3EF44 /* Pods-timmy_bea.debug.xcconfig */ = {isa = PBXFileReference; includeInIndex = 1; lastKnownFileType = text.xcconfig; name = "Pods-timmy_bea.debug.xcconfig"; path = "Pods/Target Support Files/Pods-timmy_bea/Pods-timmy_bea.debug.xcconfig"; sourceTree = "<group>"; };
/* End PBXFileReference section */

/* Begin PBXFrameworksBuildPhase section */
		B0CC0D471E709913006E3D36 /* Frameworks */ = {
			isa = PBXFrameworksBuildPhase;
			buildActionMask = 2147483647;
			files = (
				F8AE133BEF8770ED7F2A361E /* Pods_timmy_bea.framework in Frameworks */,
			);
			runOnlyForDeploymentPostprocessing = 0;
		};
/* End PBXFrameworksBuildPhase section */

/* Begin PBXGroup section */
		992E34C8D225513E19BDECF1 /* Frameworks */ = {
			isa = PBXGroup;
			children = (
				14256E79EA48DE8895A0A645 /* Pods_timmy_bea.framework */,
			);
			name = Frameworks;
			sourceTree = "<group>";
		};
		B0CC0D411E709913006E3D36 = {
			isa = PBXGroup;
			children = (
				B0CC0D4C1E709913006E3D36 /* timmy_bea */,
				B0CC0D4B1E709913006E3D36 /* Products */,
				C41885AA57EF17C6780ECFF9 /* Pods */,
				992E34C8D225513E19BDECF1 /* Frameworks */,
			);
			sourceTree = "<group>";
		};
		B0CC0D4B1E709913006E3D36 /* Products */ = {
			isa = PBXGroup;
			children = (
				B0CC0D4A1E709913006E3D36 /* timmy_bea.app */,
			);
			name = Products;
			sourceTree = "<group>";
		};
		B0CC0D4C1E709913006E3D36 /* timmy_bea */ = {
			isa = PBXGroup;
			children = (
				B0F97CFE1E75FF71003A0F79 /* Assets */,
				B0CC0D621E70992B006E3D36 /* Model */,
				B0CC0D611E709929006E3D36 /* View */,
				B0CC0D601E709928006E3D36 /* Controller */,
				B0CC0D5F1E709926006E3D36 /* Helpers */,
				B0CC0D541E709913006E3D36 /* Assets.xcassets */,
				B0CC0D561E709913006E3D36 /* LaunchScreen.storyboard */,
				B0CC0D591E709913006E3D36 /* Info.plist */,
			);
			path = timmy_bea;
			sourceTree = "<group>";
		};
		B0CC0D5F1E709926006E3D36 /* Helpers */ = {
			isa = PBXGroup;
			children = (
				B0CC0D631E7115F4006E3D36 /* Helpers.swift */,
			);
			name = Helpers;
			sourceTree = "<group>";
		};
		B0CC0D601E709928006E3D36 /* Controller */ = {
			isa = PBXGroup;
			children = (
				B0CC0D4F1E709913006E3D36 /* HomeViewController.swift */,
			);
			name = Controller;
			sourceTree = "<group>";
		};
		B0CC0D611E709929006E3D36 /* View */ = {
			isa = PBXGroup;
			children = (
				B0CC0D651E7119CE006E3D36 /* MenuBar.swift */,
				B0CC0D671E711A9B006E3D36 /* MenuCell.swift */,
				B0F62FDA1E75EB9100F5917C /* SkillsCell.swift */,
			);
			name = View;
			sourceTree = "<group>";
		};
		B0CC0D621E70992B006E3D36 /* Model */ = {
			isa = PBXGroup;
			children = (
				B0CC0D4D1E709913006E3D36 /* AppDelegate.swift */,
				B0F97CFF1E7648F6003A0F79 /* Skill.swift */,
			);
			name = Model;
			sourceTree = "<group>";
		};
		B0F97CFE1E75FF71003A0F79 /* Assets */ = {
			isa = PBXGroup;
			children = (
				B029A2B41E83775400500C95 /* skills_v29.json */,
			);
			name = Assets;
			sourceTree = "<group>";
		};
		C41885AA57EF17C6780ECFF9 /* Pods */ = {
			isa = PBXGroup;
			children = (
				F3B7356EEDCA8D942AC3EF44 /* Pods-timmy_bea.debug.xcconfig */,
				5C344AF3DE2F7A1F84028909 /* Pods-timmy_bea.release.xcconfig */,
			);
			name = Pods;
			sourceTree = "<group>";
		};
/* End PBXGroup section */

/* Begin PBXNativeTarget section */
		B0CC0D491E709913006E3D36 /* timmy_bea */ = {
			isa = PBXNativeTarget;
			buildConfigurationList = B0CC0D5C1E709913006E3D36 /* Build configuration list for PBXNativeTarget "timmy_bea" */;
			buildPhases = (
				275632F5F8C44A777432A283 /* [CP] Check Pods Manifest.lock */,
				B0CC0D461E709913006E3D36 /* Sources */,
				B0CC0D471E709913006E3D36 /* Frameworks */,
				B0CC0D481E709913006E3D36 /* Resources */,
				4B79B3D6A7FA3753245D94A1 /* [CP] Embed Pods Frameworks */,
				B0586116AA575069789CD2BA /* [CP] Copy Pods Resources */,
			);
			buildRules = (
			);
			dependencies = (
			);
			name = timmy_bea;
			productName = timmy_bea;
			productReference = B0CC0D4A1E709913006E3D36 /* timmy_bea.app */;
			productType = "com.apple.product-type.application";
		};
/* End PBXNativeTarget section */

/* Begin PBXProject section */
		B0CC0D421E709913006E3D36 /* Project object */ = {
			isa = PBXProject;
			attributes = {
				LastSwiftUpdateCheck = 0820;
				LastUpgradeCheck = 0820;
				ORGANIZATIONNAME = "Tim Beals";
				TargetAttributes = {
					B0CC0D491E709913006E3D36 = {
						CreatedOnToolsVersion = 8.2.1;
						DevelopmentTeam = 2733C6P24Y;
						ProvisioningStyle = Automatic;
					};
				};
			};
			buildConfigurationList = B0CC0D451E709913006E3D36 /* Build configuration list for PBXProject "timmy_bea" */;
			compatibilityVersion = "Xcode 3.2";
			developmentRegion = English;
			hasScannedForEncodings = 0;
			knownRegions = (
				en,
				Base,
			);
			mainGroup = B0CC0D411E709913006E3D36;
			productRefGroup = B0CC0D4B1E709913006E3D36 /* Products */;
			projectDirPath = "";
			projectRoot = "";
			targets = (
				B0CC0D491E709913006E3D36 /* timmy_bea */,
			);
		};
/* End PBXProject section */

/* Begin PBXResourcesBuildPhase section */
		B0CC0D481E709913006E3D36 /* Resources */ = {
			isa = PBXResourcesBuildPhase;
			buildActionMask = 2147483647;
			files = (
				B0CC0D581E709913006E3D36 /* LaunchScreen.storyboard in Resources */,
				B029A2B51E83775400500C95 /* skills_v29.json in Resources */,
				B0CC0D551E709913006E3D36 /* Assets.xcassets in Resources */,
			);
			runOnlyForDeploymentPostprocessing = 0;
		};
/* End PBXResourcesBuildPhase section */

/* Begin PBXShellScriptBuildPhase section */
		275632F5F8C44A777432A283 /* [CP] Check Pods Manifest.lock */ = {
			isa = PBXShellScriptBuildPhase;
			buildActionMask = 2147483647;
			files = (
			);
			inputPaths = (
			);
			name = "[CP] Check Pods Manifest.lock";
			outputPaths = (
			);
			runOnlyForDeploymentPostprocessing = 0;
			shellPath = /bin/sh;
			shellScript = "diff \"${PODS_ROOT}/../Podfile.lock\" \"${PODS_ROOT}/Manifest.lock\" > /dev/null\nif [ $? != 0 ] ; then\n    # print error to STDERR\n    echo \"error: The sandbox is not in sync with the Podfile.lock. Run 'pod install' or update your CocoaPods installation.\" >&2\n    exit 1\nfi\n";
			showEnvVarsInLog = 0;
		};
		4B79B3D6A7FA3753245D94A1 /* [CP] Embed Pods Frameworks */ = {
			isa = PBXShellScriptBuildPhase;
			buildActionMask = 2147483647;
			files = (
			);
			inputPaths = (
			);
			name = "[CP] Embed Pods Frameworks";
			outputPaths = (
			);
			runOnlyForDeploymentPostprocessing = 0;
			shellPath = /bin/sh;
			shellScript = "\"${SRCROOT}/Pods/Target Support Files/Pods-timmy_bea/Pods-timmy_bea-frameworks.sh\"\n";
			showEnvVarsInLog = 0;
		};
		B0586116AA575069789CD2BA /* [CP] Copy Pods Resources */ = {
			isa = PBXShellScriptBuildPhase;
			buildActionMask = 2147483647;
			files = (
			);
			inputPaths = (
			);
			name = "[CP] Copy Pods Resources";
			outputPaths = (
			);
			runOnlyForDeploymentPostprocessing = 0;
			shellPath = /bin/sh;
			shellScript = "\"${SRCROOT}/Pods/Target Support Files/Pods-timmy_bea/Pods-timmy_bea-resources.sh\"\n";
			showEnvVarsInLog = 0;
		};
/* End PBXShellScriptBuildPhase section */

/* Begin PBXSourcesBuildPhase section */
		B0CC0D461E709913006E3D36 /* Sources */ = {
			isa = PBXSourcesBuildPhase;
			buildActionMask = 2147483647;
			files = (
				B0F97D001E7648F6003A0F79 /* Skill.swift in Sources */,
				B0F62FDB1E75EB9100F5917C /* SkillsCell.swift in Sources */,
				B0CC0D501E709913006E3D36 /* HomeViewController.swift in Sources */,
				B0CC0D681E711A9B006E3D36 /* MenuCell.swift in Sources */,
				B0CC0D641E7115F4006E3D36 /* Helpers.swift in Sources */,
				B0CC0D661E7119CE006E3D36 /* MenuBar.swift in Sources */,
				B0CC0D4E1E709913006E3D36 /* AppDelegate.swift in Sources */,
			);
			runOnlyForDeploymentPostprocessing = 0;
		};
/* End PBXSourcesBuildPhase section */

/* Begin PBXVariantGroup section */
		B0CC0D561E709913006E3D36 /* LaunchScreen.storyboard */ = {
			isa = PBXVariantGroup;
			children = (
				B0CC0D571E709913006E3D36 /* Base */,
			);
			name = LaunchScreen.storyboard;
			sourceTree = "<group>";
		};
/* End PBXVariantGroup section */

/* Begin XCBuildConfiguration section */
		B0CC0D5A1E709913006E3D36 /* Debug */ = {
			isa = XCBuildConfiguration;
			buildSettings = {
				ALWAYS_SEARCH_USER_PATHS = NO;
				CLANG_ANALYZER_NONNULL = YES;
				CLANG_CXX_LANGUAGE_STANDARD = "gnu++0x";
				CLANG_CXX_LIBRARY = "libc++";
				CLANG_ENABLE_MODULES = YES;
				CLANG_ENABLE_OBJC_ARC = YES;
				CLANG_WARN_BOOL_CONVERSION = YES;
				CLANG_WARN_CONSTANT_CONVERSION = YES;
				CLANG_WARN_DIRECT_OBJC_ISA_USAGE = YES_ERROR;
				CLANG_WARN_DOCUMENTATION_COMMENTS = YES;
				CLANG_WARN_EMPTY_BODY = YES;
				CLANG_WARN_ENUM_CONVERSION = YES;
				CLANG_WARN_INFINITE_RECURSION = YES;
				CLANG_WARN_INT_CONVERSION = YES;
				CLANG_WARN_OBJC_ROOT_CLASS = YES_ERROR;
				CLANG_WARN_SUSPICIOUS_MOVE = YES;
				CLANG_WARN_UNREACHABLE_CODE = YES;
				CLANG_WARN__DUPLICATE_METHOD_MATCH = YES;
				"CODE_SIGN_IDENTITY[sdk=iphoneos*]" = "iPhone Developer";
				COPY_PHASE_STRIP = NO;
				DEBUG_INFORMATION_FORMAT = dwarf;
				ENABLE_STRICT_OBJC_MSGSEND = YES;
				ENABLE_TESTABILITY = YES;
				GCC_C_LANGUAGE_STANDARD = gnu99;
				GCC_DYNAMIC_NO_PIC = NO;
				GCC_NO_COMMON_BLOCKS = YES;
				GCC_OPTIMIZATION_LEVEL = 0;
				GCC_PREPROCESSOR_DEFINITIONS = (
					"DEBUG=1",
					"$(inherited)",
				);
				GCC_WARN_64_TO_32_BIT_CONVERSION = YES;
				GCC_WARN_ABOUT_RETURN_TYPE = YES_ERROR;
				GCC_WARN_UNDECLARED_SELECTOR = YES;
				GCC_WARN_UNINITIALIZED_AUTOS = YES_AGGRESSIVE;
				GCC_WARN_UNUSED_FUNCTION = YES;
				GCC_WARN_UNUSED_VARIABLE = YES;
				IPHONEOS_DEPLOYMENT_TARGET = 10.2;
				MTL_ENABLE_DEBUG_INFO = YES;
				ONLY_ACTIVE_ARCH = YES;
				SDKROOT = iphoneos;
				SWIFT_ACTIVE_COMPILATION_CONDITIONS = DEBUG;
				SWIFT_OPTIMIZATION_LEVEL = "-Onone";
				TARGETED_DEVICE_FAMILY = "1,2";
			};
			name = Debug;
		};
		B0CC0D5B1E709913006E3D36 /* Release */ = {
			isa = XCBuildConfiguration;
			buildSettings = {
				ALWAYS_SEARCH_USER_PATHS = NO;
				CLANG_ANALYZER_NONNULL = YES;
				CLANG_CXX_LANGUAGE_STANDARD = "gnu++0x";
				CLANG_CXX_LIBRARY = "libc++";
				CLANG_ENABLE_MODULES = YES;
				CLANG_ENABLE_OBJC_ARC = YES;
				CLANG_WARN_BOOL_CONVERSION = YES;
				CLANG_WARN_CONSTANT_CONVERSION = YES;
				CLANG_WARN_DIRECT_OBJC_ISA_USAGE = YES_ERROR;
				CLANG_WARN_DOCUMENTATION_COMMENTS = YES;
				CLANG_WARN_EMPTY_BODY = YES;
				CLANG_WARN_ENUM_CONVERSION = YES;
				CLANG_WARN_INFINITE_RECURSION = YES;
				CLANG_WARN_INT_CONVERSION = YES;
				CLANG_WARN_OBJC_ROOT_CLASS = YES_ERROR;
				CLANG_WARN_SUSPICIOUS_MOVE = YES;
				CLANG_WARN_UNREACHABLE_CODE = YES;
				CLANG_WARN__DUPLICATE_METHOD_MATCH = YES;
				"CODE_SIGN_IDENTITY[sdk=iphoneos*]" = "iPhone Developer";
				COPY_PHASE_STRIP = NO;
				DEBUG_INFORMATION_FORMAT = "dwarf-with-dsym";
				ENABLE_NS_ASSERTIONS = NO;
				ENABLE_STRICT_OBJC_MSGSEND = YES;
				GCC_C_LANGUAGE_STANDARD = gnu99;
				GCC_NO_COMMON_BLOCKS = YES;
				GCC_WARN_64_TO_32_BIT_CONVERSION = YES;
				GCC_WARN_ABOUT_RETURN_TYPE = YES_ERROR;
				GCC_WARN_UNDECLARED_SELECTOR = YES;
				GCC_WARN_UNINITIALIZED_AUTOS = YES_AGGRESSIVE;
				GCC_WARN_UNUSED_FUNCTION = YES;
				GCC_WARN_UNUSED_VARIABLE = YES;
				IPHONEOS_DEPLOYMENT_TARGET = 10.2;
				MTL_ENABLE_DEBUG_INFO = NO;
				SDKROOT = iphoneos;
				SWIFT_OPTIMIZATION_LEVEL = "-Owholemodule";
				TARGETED_DEVICE_FAMILY = "1,2";
				VALIDATE_PRODUCT = YES;
			};
			name = Release;
		};
		B0CC0D5D1E709913006E3D36 /* Debug */ = {
			isa = XCBuildConfiguration;
			baseConfigurationReference = F3B7356EEDCA8D942AC3EF44 /* Pods-timmy_bea.debug.xcconfig */;
			buildSettings = {
				ASSETCATALOG_COMPILER_APPICON_NAME = AppIcon;
				DEVELOPMENT_TEAM = 2733C6P24Y;
				INFOPLIST_FILE = timmy_bea/Info.plist;
				LD_RUNPATH_SEARCH_PATHS = "$(inherited) @executable_path/Frameworks";
				PRODUCT_BUNDLE_IDENTIFIER = "com.timbeals.timmy-bea";
				PRODUCT_NAME = "$(TARGET_NAME)";
				SWIFT_VERSION = 3.0;
			};
			name = Debug;
		};
		B0CC0D5E1E709913006E3D36 /* Release */ = {
			isa = XCBuildConfiguration;
			baseConfigurationReference = 5C344AF3DE2F7A1F84028909 /* Pods-timmy_bea.release.xcconfig */;
			buildSettings = {
				ASSETCATALOG_COMPILER_APPICON_NAME = AppIcon;
				DEVELOPMENT_TEAM = 2733C6P24Y;
				INFOPLIST_FILE = timmy_bea/Info.plist;
				LD_RUNPATH_SEARCH_PATHS = "$(inherited) @executable_path/Frameworks";
				PRODUCT_BUNDLE_IDENTIFIER = "com.timbeals.timmy-bea";
				PRODUCT_NAME = "$(TARGET_NAME)";
				SWIFT_VERSION = 3.0;
			};
			name = Release;
		};
/* End XCBuildConfiguration section */

/* Begin XCConfigurationList section */
		B0CC0D451E709913006E3D36 /* Build configuration list for PBXProject "timmy_bea" */ = {
			isa = XCConfigurationList;
			buildConfigurations = (
				B0CC0D5A1E709913006E3D36 /* Debug */,
				B0CC0D5B1E709913006E3D36 /* Release */,
			);
			defaultConfigurationIsVisible = 0;
			defaultConfigurationName = Release;
		};
		B0CC0D5C1E709913006E3D36 /* Build configuration list for PBXNativeTarget "timmy_bea" */ = {
			isa = XCConfigurationList;
			buildConfigurations = (
				B0CC0D5D1E709913006E3D36 /* Debug */,
				B0CC0D5E1E709913006E3D36 /* Release */,
			);
			defaultConfigurationIsVisible = 0;
			defaultConfigurationName = Release;
		};
/* End XCConfigurationList section */
	};
	rootObject = B0CC0D421E709913006E3D36 /* Project object */;
}
